
Microsoft Visual Studio Solution File, Format Version 12.00
# Visual Studio Version 16
VisualStudioVersion = 16.0.30717.126
MinimumVisualStudioVersion = 10.0.40219.1
Project("{2150E333-8FDC-42A3-9474-1A3956D46DE8}") = "src", "src", "{3F781F62-7B37-4358-A424-F029FB7F48F2}"
EndProject
Project("{9A19103F-16F7-4668-BE54-9A1E7A4F7556}") = "Unicorn", "src\Unicorn\Unicorn.csproj", "{C73F4CB5-620F-4AB0-9D59-4440D7583CF7}"
EndProject
Project("{9A19103F-16F7-4668-BE54-9A1E7A4F7556}") = "Unicorn.Service", "src\Unicorn.Service\Unicorn.Service.csproj", "{7429F51D-A687-4FE7-9296-F3A882F1B9A0}"
EndProject
Project("{9A19103F-16F7-4668-BE54-9A1E7A4F7556}") = "Unicorn.Core", "src\Unicorn.Core\Unicorn.Core.csproj", "{31001213-59C9-47A6-ADCC-31CF49FA997B}"
EndProject
Project("{FAE04EC0-301F-11D3-BF4B-00C04F79EFBC}") = "Unicorn.Client", "src\Unicorn.Client\Unicorn.Client.csproj", "{99B9A640-26E2-4ED3-9151-74926407CCDE}"
EndProject
Global
	GlobalSection(SolutionConfigurationPlatforms) = preSolution
		Debug|Any CPU = Debug|Any CPU
		Release|Any CPU = Release|Any CPU
	EndGlobalSection
	GlobalSection(ProjectConfigurationPlatforms) = postSolution
		{C73F4CB5-620F-4AB0-9D59-4440D7583CF7}.Debug|Any CPU.ActiveCfg = Debug|Any CPU
		{C73F4CB5-620F-4AB0-9D59-4440D7583CF7}.Debug|Any CPU.Build.0 = Debug|Any CPU
		{C73F4CB5-620F-4AB0-9D59-4440D7583CF7}.Release|Any CPU.ActiveCfg = Release|Any CPU
		{C73F4CB5-620F-4AB0-9D59-4440D7583CF7}.Release|Any CPU.Build.0 = Release|Any CPU
		{7429F51D-A687-4FE7-9296-F3A882F1B9A0}.Debug|Any CPU.ActiveCfg = Debug|Any CPU
		{7429F51D-A687-4FE7-9296-F3A882F1B9A0}.Debug|Any CPU.Build.0 = Debug|Any CPU
		{7429F51D-A687-4FE7-9296-F3A882F1B9A0}.Release|Any CPU.ActiveCfg = Release|Any CPU
		{7429F51D-A687-4FE7-9296-F3A882F1B9A0}.Release|Any CPU.Build.0 = Release|Any CPU
		{31001213-59C9-47A6-ADCC-31CF49FA997B}.Debug|Any CPU.ActiveCfg = Debug|Any CPU
		{31001213-59C9-47A6-ADCC-31CF49FA997B}.Debug|Any CPU.Build.0 = Debug|Any CPU
		{31001213-59C9-47A6-ADCC-31CF49FA997B}.Release|Any CPU.ActiveCfg = Release|Any CPU
		{31001213-59C9-47A6-ADCC-31CF49FA997B}.Release|Any CPU.Build.0 = Release|Any CPU
		{99B9A640-26E2-4ED3-9151-74926407CCDE}.Debug|Any CPU.ActiveCfg = Debug|Any CPU
		{99B9A640-26E2-4ED3-9151-74926407CCDE}.Debug|Any CPU.Build.0 = Debug|Any CPU
		{99B9A640-26E2-4ED3-9151-74926407CCDE}.Release|Any CPU.ActiveCfg = Release|Any CPU
		{99B9A640-26E2-4ED3-9151-74926407CCDE}.Release|Any CPU.Build.0 = Release|Any CPU
	EndGlobalSection
	GlobalSection(SolutionProperties) = preSolution
		HideSolutionNode = FALSE
	EndGlobalSection
	GlobalSection(NestedProjects) = preSolution
		{C73F4CB5-620F-4AB0-9D59-4440D7583CF7} = {3F781F62-7B37-4358-A424-F029FB7F48F2}
		{7429F51D-A687-4FE7-9296-F3A882F1B9A0} = {3F781F62-7B37-4358-A424-F029FB7F48F2}
		{31001213-59C9-47A6-ADCC-31CF49FA997B} = {3F781F62-7B37-4358-A424-F029FB7F48F2}
		{99B9A640-26E2-4ED3-9151-74926407CCDE} = {3F781F62-7B37-4358-A424-F029FB7F48F2}
	EndGlobalSection
	GlobalSection(ExtensibilityGlobals) = postSolution
		SolutionGuid = {CB764695-AD94-4C49-B44D-51B46BF774E7}
	EndGlobalSection
EndGlobal
